#
# This file is autogenerated by pip-compile with Python 3.12
# by the following command:
#
#    pip-compile --allow-unsafe --extra=data --extra=test --output-file=backend/requirements.lock --strip-extras backend/pyproject.toml
#
annotated-doc==0.0.5
    # via
    #   fastapi
    #   typer
    #   verinice-backend (backend/pyproject.toml)
annotated-types==0.7.0
    # via
    #   pydantic
    #   verinice-backend (backend/pyproject.toml)
anyio==4.15.1
    # via
    #   httpx
    #   starlette
    #   watchfiles
babel==2.18.0
    # via courlan
blis==1.3.3
    # via
    #   thinc
    #   verinice-backend (backend/pyproject.toml)
catalogue==2.0.10
    # via
    #   spacy
    #   srsly
    #   thinc
    #   verinice-backend (backend/pyproject.toml)
certifi==2026.7.22
    # via
    #   httpcore
    #   httpx
    #   requests
    #   trafilatura
    #   verinice-backend (backend/pyproject.toml)
charset-normalizer==3.4.9
    # via
    #   htmldate
    #   requests
    #   trafilatura
    #   verinice-backend (backend/pyproject.toml)
click==8.5.0
    # via
    #   huggingface-hub
    #   typer
    #   uvicorn
    #   verinice-backend (backend/pyproject.toml)
cloudpathlib==0.24.0
    # via
    #   verinice-backend (backend/pyproject.toml)
    #   weasel
confection==0.1.5
    # via
    #   thinc
    #   verinice-backend (backend/pyproject.toml)
    #   weasel
courlan==1.4.0
    # via trafilatura
cymem==2.0.13
    # via
    #   preshed
    #   spacy
    #   thinc
    #   verinice-backend (backend/pyproject.toml)
dateparser==1.4.3
    # via htmldate
en-core-web-sm @ https://github.com/explosion/spacy-models/releases/download/en_core_web_sm-3.8.0/en_core_web_sm-3.8.0-py3-none-any.whl
    # via verinice-backend (backend/pyproject.toml)
fastapi==0.141.1
    # via verinice-backend (backend/pyproject.toml)
filelock==4.0.0
    # via
    #   huggingface-hub
    #   torch
fsspec==2026.7.0
    # via
    #   huggingface-hub
    #   torch
h11==0.16.0
    # via
    #   httpcore
    #   uvicorn
hf-xet==1.6.0
    # via huggingface-hub
htmldate==1.10.0
    # via trafilatura
httpcore==1.0.9
    # via httpx
httptools==0.8.0
    # via uvicorn
httpx==0.28.1
    # via
    #   huggingface-hub
    #   verinice-backend (backend/pyproject.toml)
huggingface-hub==1.32.0
    # via
    #   sentence-transformers
    #   tokenizers
    #   transformers
idna==3.18
    # via
    #   anyio
    #   httpx
    #   requests
    #   verinice-backend (backend/pyproject.toml)
iniconfig==2.3.0
    # via pytest
jinja2==3.1.6
    # via
    #   spacy
    #   torch
    #   verinice-backend (backend/pyproject.toml)
joblib==1.5.3
    # via
    #   scikit-learn
    #   verinice-backend (backend/pyproject.toml)
justext==3.0.2
    # via trafilatura
langcodes==3.5.1
    # via
    #   spacy
    #   verinice-backend (backend/pyproject.toml)
lxml==6.1.3
    # via
    #   htmldate
    #   justext
    #   lxml-html-clean
    #   trafilatura
lxml-html-clean==0.4.5
    # via lxml
markdown-it-py==3.0.0
    # via
    #   rich
    #   verinice-backend (backend/pyproject.toml)
markupsafe==3.0.3
    # via
    #   jinja2
    #   verinice-backend (backend/pyproject.toml)
mdurl==0.1.2
    # via
    #   markdown-it-py
    #   verinice-backend (backend/pyproject.toml)
mpmath==1.3.0
    # via sympy
murmurhash==1.0.15
    # via
    #   preshed
    #   spacy
    #   thinc
    #   verinice-backend (backend/pyproject.toml)
networkx==3.6.1
    # via torch
numpy==2.0.2
    # via
    #   blis
    #   scikit-learn
    #   scipy
    #   sentence-transformers
    #   spacy
    #   thinc
    #   transformers
    #   verinice-backend (backend/pyproject.toml)
packaging==26.3
    # via
    #   huggingface-hub
    #   pytest
    #   spacy
    #   thinc
    #   transformers
    #   verinice-backend (backend/pyproject.toml)
    #   weasel
pillow==12.3.0
    # via verinice-backend (backend/pyproject.toml)
pluggy==1.6.0
    # via pytest
preshed==3.0.13
    # via
    #   spacy
    #   thinc
    #   verinice-backend (backend/pyproject.toml)
pycountry==24.6.1
    # via verinice-backend (backend/pyproject.toml)
pydantic==2.10.6
    # via
    #   confection
    #   fastapi
    #   spacy
    #   thinc
    #   verinice-backend (backend/pyproject.toml)
    #   weasel
pydantic-core==2.27.2
    # via
    #   pydantic
    #   verinice-backend (backend/pyproject.toml)
pygments==2.20.0
    # via
    #   pytest
    #   rich
    #   verinice-backend (backend/pyproject.toml)
pypdf==6.19.0
    # via verinice-backend (backend/pyproject.toml)
pysbd==0.3.4
    # via verinice-backend (backend/pyproject.toml)
pytest==9.0.3
    # via
    #   pytest-asyncio
    #   verinice-backend (backend/pyproject.toml)
pytest-asyncio==1.4.0
    # via verinice-backend (backend/pyproject.toml)
python-dateutil==2.9.0.post0
    # via
    #   dateparser
    #   htmldate
python-dotenv==1.2.3
    # via
    #   uvicorn
    #   verinice-backend (backend/pyproject.toml)
pytz==2026.3.post1
    # via dateparser
pyyaml==6.0.3
    # via
    #   huggingface-hub
    #   transformers
    #   uvicorn
regex==2026.9.10
    # via
    #   dateparser
    #   transformers
requests==2.34.2
    # via
    #   spacy
    #   verinice-backend (backend/pyproject.toml)
    #   weasel
rich==15.0.0
    # via
    #   typer
    #   verinice-backend (backend/pyproject.toml)
safetensors==0.8.0
    # via transformers
scikit-learn==1.6.1
    # via
    #   sentence-transformers
    #   verinice-backend (backend/pyproject.toml)
scipy==1.13.1
    # via
    #   scikit-learn
    #   sentence-transformers
    #   verinice-backend (backend/pyproject.toml)
sentence-transformers==6.0.1
    # via verinice-backend (backend/pyproject.toml)
shellingham==1.5.4
    # via
    #   typer
    #   verinice-backend (backend/pyproject.toml)
six==1.17.0
    # via python-dateutil
smart-open==7.5.0
    # via
    #   verinice-backend (backend/pyproject.toml)
    #   weasel
spacy==3.8.7
    # via verinice-backend (backend/pyproject.toml)
spacy-legacy==3.0.12
    # via spacy
spacy-loggers==1.0.5
    # via spacy
srsly==2.5.3
    # via
    #   confection
    #   spacy
    #   thinc
    #   verinice-backend (backend/pyproject.toml)
    #   weasel
starlette==1.6.0
    # via fastapi
sympy==1.14.0
    # via torch
thinc==8.3.9
    # via
    #   spacy
    #   verinice-backend (backend/pyproject.toml)
threadpoolctl==3.6.0
    # via
    #   scikit-learn
    #   verinice-backend (backend/pyproject.toml)
tld==0.13.2
    # via courlan
tokenizers==0.23.2
    # via
    #   sentence-transformers
    #   transformers
torch==2.14.0
    # via
    #   sentence-transformers
    #   verinice-backend (backend/pyproject.toml)
tqdm==4.70.0
    # via
    #   huggingface-hub
    #   sentence-transformers
    #   spacy
    #   transformers
    #   verinice-backend (backend/pyproject.toml)
trafilatura==1.12.2
    # via verinice-backend (backend/pyproject.toml)
transformers==5.17.0
    # via
    #   sentence-transformers
    #   verinice-backend (backend/pyproject.toml)
typer==0.23.2
    # via
    #   spacy
    #   transformers
    #   typer-slim
    #   verinice-backend (backend/pyproject.toml)
typer-slim==0.23.2
    # via
    #   verinice-backend (backend/pyproject.toml)
    #   weasel
typing-extensions==4.16.0
    # via
    #   anyio
    #   fastapi
    #   huggingface-hub
    #   pydantic
    #   pydantic-core
    #   pytest-asyncio
    #   sentence-transformers
    #   starlette
    #   torch
    #   typing-inspection
    #   verinice-backend (backend/pyproject.toml)
typing-inspection==0.4.4
    # via fastapi
tzlocal==5.4.4
    # via dateparser
urllib3==2.8.0
    # via
    #   courlan
    #   htmldate
    #   requests
    #   trafilatura
    #   verinice-backend (backend/pyproject.toml)
uvicorn==0.34.0
    # via verinice-backend (backend/pyproject.toml)
uvloop==0.22.1
    # via uvicorn
wasabi==1.1.3
    # via
    #   spacy
    #   thinc
    #   verinice-backend (backend/pyproject.toml)
    #   weasel
watchfiles==1.2.0
    # via uvicorn
weasel==0.4.3
    # via
    #   spacy
    #   verinice-backend (backend/pyproject.toml)
websockets==17.1
    # via uvicorn
wrapt==2.3.0
    # via
    #   smart-open
    #   verinice-backend (backend/pyproject.toml)

# The following packages are considered to be unsafe in a requirements file:
setuptools==84.0.0
    # via
    #   spacy
    #   thinc
    #   torch
    #   verinice-backend (backend/pyproject.toml)
